// !$*UTF8*$!
{
	archiveVersion = 1;
	classes = {
	};
	objectVersion = 50;
	objects = {

/* Begin PBXBuildFile section */
		AC5CA39721EE6568008B1E19 /* .gitignore in Resources */ = {isa = PBXBuildFile; fileRef = AC5CA39621EE6568008B1E19 /* .gitignore */; };
		ACD5E82621AFCFF10071A883 /* Assets.xcassets in Resources */ = {isa = PBXBuildFile; fileRef = ACD5E82521AFCFF10071A883 /* Assets.xcassets */; };
		ACD5E82821AFD4020071A883 /* RGBViewController.swift in Sources */ = {isa = PBXBuildFile; fileRef = ACD5E82721AFD4020071A883 /* RGBViewController.swift */; };
		ACD5E82A21AFD40F0071A883 /* HEXViewController.swift in Sources */ = {isa = PBXBuildFile; fileRef = ACD5E82921AFD40F0071A883 /* HEXViewController.swift */; };
		ACFDA8BA21AFB584005CCE2F /* AppDelegate.swift in Sources */ = {isa = PBXBuildFile; fileRef = ACFDA8B921AFB584005CCE2F /* AppDelegate.swift */; };
		ACFDA8BF21AFB584005CCE2F /* Main.storyboard in Resources */ = {isa = PBXBuildFile; fileRef = ACFDA8BD21AFB584005CCE2F /* Main.storyboard */; };
		ACFDA8C421AFB586005CCE2F /* LaunchScreen.storyboard in Resources */ = {isa = PBXBuildFile; fileRef = ACFDA8C221AFB586005CCE2F /* LaunchScreen.storyboard */; };
/* End PBXBuildFile section */

/* Begin PBXFileReference section */
		AC5CA39621EE6568008B1E19 /* .gitignore */ = {isa = PBXFileReference; lastKnownFileType = text; path = .gitignore; sourceTree = "<group>"; };
		ACD5E82521AFCFF10071A883 /* Assets.xcassets */ = {isa = PBXFileReference; lastKnownFileType = folder.assetcatalog; path = Assets.xcassets; sourceTree = "<group>"; };
		ACD5E82721AFD4020071A883 /* RGBViewController.swift */ = {isa = PBXFileReference; lastKnownFileType = sourcecode.swift; path = RGBViewController.swift; sourceTree = "<group>"; };
		ACD5E82921AFD40F0071A883 /* HEXViewController.swift */ = {isa = PBXFileReference; lastKnownFileType = sourcecode.swift; path = HEXViewController.swift; sourceTree = "<group>"; };
		ACFDA8B621AFB584005CCE2F /* RgbHex.app */ = {isa = PBXFileReference; explicitFileType = wrapper.application; includeInIndex = 0; path = RgbHex.app; sourceTree = BUILT_PRODUCTS_DIR; };
		ACFDA8B921AFB584005CCE2F /* AppDelegate.swift */ = {isa = PBXFileReference; lastKnownFileType = sourcecode.swift; path = AppDelegate.swift; sourceTree = "<group>"; };
		ACFDA8BE21AFB584005CCE2F /* Base */ = {isa = PBXFileReference; lastKnownFileType = file.storyboard; name = Base; path = Base.lproj/Main.storyboard; sourceTree = "<group>"; };
		ACFDA8C321AFB586005CCE2F /* Base */ = {isa = PBXFileReference; lastKnownFileType = file.storyboard; name = Base; path = Base.lproj/LaunchScreen.storyboard; sourceTree = "<group>"; };
		ACFDA8C521AFB586005CCE2F /* Info.plist */ = {isa = PBXFileReference; lastKnownFileType = text.plist.xml; path = Info.plist; sourceTree = "<group>"; };
/* End PBXFileReference section */

/* Begin PBXFrameworksBuildPhase section */
		ACFDA8B321AFB584005CCE2F /* Frameworks */ = {
			isa = PBXFrameworksBuildPhase;
			buildActionMask = 2147483647;
			files = (
			);
			runOnlyForDeploymentPostprocessing = 0;
		};
/* End PBXFrameworksBuildPhase section */

/* Begin PBXGroup section */
		ACFDA8AD21AFB584005CCE2F = {
			isa = PBXGroup;
			children = (
				AC5CA39621EE6568008B1E19 /* .gitignore */,
				ACFDA8B821AFB584005CCE2F /* RgbHex */,
				ACFDA8B721AFB584005CCE2F /* Products */,
			);
			sourceTree = "<group>";
		};
		ACFDA8B721AFB584005CCE2F /* Products */ = {
			isa = PBXGroup;
			children = (
				ACFDA8B621AFB584005CCE2F /* RgbHex.app */,
			);
			name = Products;
			sourceTree = "<group>";
		};
		ACFDA8B821AFB584005CCE2F /* RgbHex */ = {
			isa = PBXGroup;
			children = (
				ACFDA8B921AFB584005CCE2F /* AppDelegate.swift */,
				ACD5E82721AFD4020071A883 /* RGBViewController.swift */,
				ACD5E82921AFD40F0071A883 /* HEXViewController.swift */,
				ACD5E82521AFCFF10071A883 /* Assets.xcassets */,
				ACFDA8BD21AFB584005CCE2F /* Main.storyboard */,
				ACFDA8C221AFB586005CCE2F /* LaunchScreen.storyboard */,
				ACFDA8C521AFB586005CCE2F /* Info.plist */,
			);
			path = RgbHex;
			sourceTree = "<group>";
		};
/* End PBXGroup section */

/* Begin PBXNativeTarget section */
		ACFDA8B521AFB584005CCE2F /* RgbHex */ = {
			isa = PBXNativeTarget;
			buildConfigurationList = ACFDA8C821AFB586005CCE2F /* Build configuration list for PBXNativeTarget "RgbHex" */;
			buildPhases = (
				ACFDA8B221AFB584005CCE2F /* Sources */,
				ACFDA8B321AFB584005CCE2F /* Frameworks */,
				ACFDA8B421AFB584005CCE2F /* Resources */,
			);
			buildRules = (
			);
			dependencies = (
			);
			name = RgbHex;
			productName = RgbHex;
			productReference = ACFDA8B621AFB584005CCE2F /* RgbHex.app */;
			productType = "com.apple.product-type.application";
		};
/* End PBXNativeTarget section */

/* Begin PBXProject section */
		ACFDA8AE21AFB584005CCE2F /* Project object */ = {
			isa = PBXProject;
			attributes = {
				LastSwiftUpdateCheck = 1010;
				LastUpgradeCheck = 1010;
				ORGANIZATIONNAME = Gukov.space;
				TargetAttributes = {
					ACFDA8B521AFB584005CCE2F = {
						CreatedOnToolsVersion = 10.1;
					};
				};
			};
			buildConfigurationList = ACFDA8B121AFB584005CCE2F /* Build configuration list for PBXProject "RgbHex" */;
			compatibilityVersion = "Xcode 9.3";
			developmentRegion = en;
			hasScannedForEncodings = 0;
			knownRegions = (
				en,
				Base,
			);
			mainGroup = ACFDA8AD21AFB584005CCE2F;
			productRefGroup = ACFDA8B721AFB584005CCE2F /* Products */;
			projectDirPath = "";
			projectRoot = "";
			targets = (
				ACFDA8B521AFB584005CCE2F /* RgbHex */,
			);
		};
/* End PBXProject section */

/* Begin PBXResourcesBuildPhase section */
		ACFDA8B421AFB584005CCE2F /* Resources */ = {
			isa = PBXResourcesBuildPhase;
			buildActionMask = 2147483647;
			files = (
				AC5CA39721EE6568008B1E19 /* .gitignore in Resources */,
				ACFDA8C421AFB586005CCE2F /* LaunchScreen.storyboard in Resources */,
				ACD5E82621AFCFF10071A883 /* Assets.xcassets in Resources */,
				ACFDA8BF21AFB584005CCE2F /* Main.storyboard in Resources */,
			);
			runOnlyForDeploymentPostprocessing = 0;
		};
/* End PBXResourcesBuildPhase section */

/* Begin PBXSourcesBuildPhase section */
		ACFDA8B221AFB584005CCE2F /* Sources */ = {
			isa = PBXSourcesBuildPhase;
			buildActionMask = 2147483647;
			files = (
				ACD5E82821AFD4020071A883 /* RGBViewController.swift in Sources */,
				ACD5E82A21AFD40F0071A883 /* HEXViewController.swift in Sources */,
				ACFDA8BA21AFB584005CCE2F /* AppDelegate.swift in Sources */,
			);
			runOnlyForDeploymentPostprocessing = 0;
		};
/* End PBXSourcesBuildPhase section */

/* Begin PBXVariantGroup section */
		ACFDA8BD21AFB584005CCE2F /* Main.storyboard */ = {
			isa = PBXVariantGroup;
			children = (
				ACFDA8BE21AFB584005CCE2F /* Base */,
			);
			name = Main.storyboard;
			sourceTree = "<group>";
		};
		ACFDA8C221AFB586005CCE2F /* LaunchScreen.storyboard */ = {
			isa = PBXVariantGroup;
			children = (
				ACFDA8C321AFB586005CCE2F /* Base */,
			);
			name = LaunchScreen.storyboard;
			sourceTree = "<group>";
		};
/* End PBXVariantGroup section */

/* Begin XCBuildConfiguration section */
		ACFDA8C621AFB586005CCE2F /* Debug */ = {
			isa = XCBuildConfiguration;
			buildSettings = {
				ALWAYS_SEARCH_USER_PATHS = NO;
				CLANG_ANALYZER_NONNULL = YES;
				CLANG_ANALYZER_NUMBER_OBJECT_CONVERSION = YES_AGGRESSIVE;
				CLANG_CXX_LANGUAGE_STANDARD = "gnu++14";
				CLANG_CXX_LIBRARY = "libc++";
				CLANG_ENABLE_MODULES = YES;
				CLANG_ENABLE_OBJC_ARC = YES;
				CLANG_ENABLE_OBJC_WEAK = YES;
				CLANG_WARN_BLOCK_CAPTURE_AUTORELEASING = YES;
				CLANG_WARN_BOOL_CONVERSION = YES;
				CLANG_WARN_COMMA = YES;
				CLANG_WARN_CONSTANT_CONVERSION = YES;
				CLANG_WARN_DEPRECATED_OBJC_IMPLEMENTATIONS = YES;
				CLANG_WARN_DIRECT_OBJC_ISA_USAGE = YES_ERROR;
				CLANG_WARN_DOCUMENTATION_COMMENTS = YES;
				CLANG_WARN_EMPTY_BODY = YES;
				CLANG_WARN_ENUM_CONVERSION = YES;
				CLANG_WARN_INFINITE_RECURSION = YES;
				CLANG_WARN_INT_CONVERSION = YES;
				CLANG_WARN_NON_LITERAL_NULL_CONVERSION = YES;
				CLANG_WARN_OBJC_IMPLICIT_RETAIN_SELF = YES;
				CLANG_WARN_OBJC_LITERAL_CONVERSION = YES;
				CLANG_WARN_OBJC_ROOT_CLASS = YES_ERROR;
				CLANG_WARN_RANGE_LOOP_ANALYSIS = YES;
				CLANG_WARN_STRICT_PROTOTYPES = YES;
				CLANG_WARN_SUSPICIOUS_MOVE = YES;
				CLANG_WARN_UNGUARDED_AVAILABILITY = YES_AGGRESSIVE;
				CLANG_WARN_UNREACHABLE_CODE = YES;
				CLANG_WARN__DUPLICATE_METHOD_MATCH = YES;
				CODE_SIGN_IDENTITY = "iPhone Developer";
				COPY_PHASE_STRIP = NO;
				DEBUG_INFORMATION_FORMAT = dwarf;
				ENABLE_STRICT_OBJC_MSGSEND = YES;
				ENABLE_TESTABILITY = YES;
				GCC_C_LANGUAGE_STANDARD = gnu11;
				GCC_DYNAMIC_NO_PIC = NO;
				GCC_NO_COMMON_BLOCKS = YES;
				GCC_OPTIMIZATION_LEVEL = 0;
				GCC_PREPROCESSOR_DEFINITIONS = (
					"DEBUG=1",
					"$(inherited)",
				);
				GCC_WARN_64_TO_32_BIT_CONVERSION = YES;
				GCC_WARN_ABOUT_RETURN_TYPE = YES_ERROR;
				GCC_WARN_UNDECLARED_SELECTOR = YES;
				GCC_WARN_UNINITIALIZED_AUTOS = YES_AGGRESSIVE;
				GCC_WARN_UNUSED_FUNCTION = YES;
				GCC_WARN_UNUSED_VARIABLE = YES;
				IPHONEOS_DEPLOYMENT_TARGET = 12.1;
				MTL_ENABLE_DEBUG_INFO = INCLUDE_SOURCE;
				MTL_FAST_MATH = YES;
				ONLY_ACTIVE_ARCH = YES;
				SDKROOT = iphoneos;
				SWIFT_ACTIVE_COMPILATION_CONDITIONS = DEBUG;
				SWIFT_OPTIMIZATION_LEVEL = "-Onone";
			};
			name = Debug;
		};
		ACFDA8C721AFB586005CCE2F /* Release */ = {
			isa = XCBuildConfiguration;
			buildSettings = {
				ALWAYS_SEARCH_USER_PATHS = NO;
				CLANG_ANALYZER_NONNULL = YES;
				CLANG_ANALYZER_NUMBER_OBJECT_CONVERSION = YES_AGGRESSIVE;
				CLANG_CXX_LANGUAGE_STANDARD = "gnu++14";
				CLANG_CXX_LIBRARY = "libc++";
				CLANG_ENABLE_MODULES = YES;
				CLANG_ENABLE_OBJC_ARC = YES;
				CLANG_ENABLE_OBJC_WEAK = YES;
				CLANG_WARN_BLOCK_CAPTURE_AUTORELEASING = YES;
				CLANG_WARN_BOOL_CONVERSION = YES;
				CLANG_WARN_COMMA = YES;
				CLANG_WARN_CONSTANT_CONVERSION = YES;
				CLANG_WARN_DEPRECATED_OBJC_IMPLEMENTATIONS = YES;
				CLANG_WARN_DIRECT_OBJC_ISA_USAGE = YES_ERROR;
				CLANG_WARN_DOCUMENTATION_COMMENTS = YES;
				CLANG_WARN_EMPTY_BODY = YES;
				CLANG_WARN_ENUM_CONVERSION = YES;
				CLANG_WARN_INFINITE_RECURSION = YES;
				CLANG_WARN_INT_CONVERSION = YES;
				CLANG_WARN_NON_LITERAL_NULL_CONVERSION = YES;
				CLANG_WARN_OBJC_IMPLICIT_RETAIN_SELF = YES;
				CLANG_WARN_OBJC_LITERAL_CONVERSION = YES;
				CLANG_WARN_OBJC_ROOT_CLASS = YES_ERROR;
				CLANG_WARN_RANGE_LOOP_ANALYSIS = YES;
				CLANG_WARN_STRICT_PROTOTYPES = YES;
				CLANG_WARN_SUSPICIOUS_MOVE = YES;
				CLANG_WARN_UNGUARDED_AVAILABILITY = YES_AGGRESSIVE;
				CLANG_WARN_UNREACHABLE_CODE = YES;
				CLANG_WARN__DUPLICATE_METHOD_MATCH = YES;
				CODE_SIGN_IDENTITY = "iPhone Developer";
				COPY_PHASE_STRIP = NO;
				DEBUG_INFORMATION_FORMAT = "dwarf-with-dsym";
				ENABLE_NS_ASSERTIONS = NO;
				ENABLE_STRICT_OBJC_MSGSEND = YES;
				GCC_C_LANGUAGE_STANDARD = gnu11;
				GCC_NO_COMMON_BLOCKS = YES;
				GCC_WARN_64_TO_32_BIT_CONVERSION = YES;
				GCC_WARN_ABOUT_RETURN_TYPE = YES_ERROR;
				GCC_WARN_UNDECLARED_SELECTOR = YES;
				GCC_WARN_UNINITIALIZED_AUTOS = YES_AGGRESSIVE;
				GCC_WARN_UNUSED_FUNCTION = YES;
				GCC_WARN_UNUSED_VARIABLE = YES;
				IPHONEOS_DEPLOYMENT_TARGET = 12.1;
				MTL_ENABLE_DEBUG_INFO = NO;
				MTL_FAST_MATH = YES;
				SDKROOT = iphoneos;
				SWIFT_COMPILATION_MODE = wholemodule;
				SWIFT_OPTIMIZATION_LEVEL = "-O";
				VALIDATE_PRODUCT = YES;
			};
			name = Release;
		};
		ACFDA8C921AFB586005CCE2F /* Debug */ = {
			isa = XCBuildConfiguration;
			buildSettings = {
				ASSETCATALOG_COMPILER_APPICON_NAME = AppIcon;
				CODE_SIGN_STYLE = Automatic;
				DEVELOPMENT_TEAM = Z7SHMN27XP;
				INFOPLIST_FILE = RgbHex/Info.plist;
				LD_RUNPATH_SEARCH_PATHS = (
					"$(inherited)",
					"@executable_path/Frameworks",
				);
				PRODUCT_BUNDLE_IDENTIFIER = ru.gukov.RgbHex;
				PRODUCT_NAME = "$(TARGET_NAME)";
				SWIFT_VERSION = 4.2;
				TARGETED_DEVICE_FAMILY = 1;
			};
			name = Debug;
		};
		ACFDA8CA21AFB586005CCE2F /* Release */ = {
			isa = XCBuildConfiguration;
			buildSettings = {
				ASSETCATALOG_COMPILER_APPICON_NAME = AppIcon;
				CODE_SIGN_STYLE = Automatic;
				DEVELOPMENT_TEAM = Z7SHMN27XP;
				INFOPLIST_FILE = RgbHex/Info.plist;
				LD_RUNPATH_SEARCH_PATHS = (
					"$(inherited)",
					"@executable_path/Frameworks",
				);
				PRODUCT_BUNDLE_IDENTIFIER = ru.gukov.RgbHex;
				PRODUCT_NAME = "$(TARGET_NAME)";
				SWIFT_VERSION = 4.2;
				TARGETED_DEVICE_FAMILY = 1;
			};
			name = Release;
		};
/* End XCBuildConfiguration section */

/* Begin XCConfigurationList section */
		ACFDA8B121AFB584005CCE2F /* Build configuration list for PBXProject "RgbHex" */ = {
			isa = XCConfigurationList;
			buildConfigurations = (
				ACFDA8C621AFB586005CCE2F /* Debug */,
				ACFDA8C721AFB586005CCE2F /* Release */,
			);
			defaultConfigurationIsVisible = 0;
			defaultConfigurationName = Release;
		};
		ACFDA8C821AFB586005CCE2F /* Build configuration list for PBXNativeTarget "RgbHex" */ = {
			isa = XCConfigurationList;
			buildConfigurations = (
				ACFDA8C921AFB586005CCE2F /* Debug */,
				ACFDA8CA21AFB586005CCE2F /* Release */,
			);
			defaultConfigurationIsVisible = 0;
			defaultConfigurationName = Release;
		};
/* End XCConfigurationList section */
	};
	rootObject = ACFDA8AE21AFB584005CCE2F /* Project object */;
}
